<?xml version="1.0" encoding="UTF-8" standalone="yes" ?>
<CodeBlocks_project_file>
	<FileVersion major="1" minor="6" />
	<Project>
		<Option title="Proyecto-Labo-II" />
		<Option pch_mode="2" />
		<Option compiler="gcc" />
		<Option virtualFolders="include/" />
		<Build>
			<Target title="Debug">
				<Option output="bin/Debug/Proyecto-Labo-II" prefix_auto="1" extension_auto="1" />
				<Option object_output="obj/Debug/" />
				<Option type="1" />
				<Option compiler="gcc" />
				<Compiler>
					<Add option="-g" />
					<Add directory="include" />
				</Compiler>
			</Target>
			<Target title="Release">
				<Option output="bin/Release/Proyecto-Labo-II" prefix_auto="1" extension_auto="1" />
				<Option object_output="obj/Release/" />
				<Option type="1" />
				<Option compiler="gcc" />
				<Compiler>
					<Add option="-O2" />
					<Add directory="include" />
				</Compiler>
				<Linker>
					<Add option="-s" />
				</Linker>
			</Target>
		</Build>
		<Compiler>
			<Add option="-Wall" />
			<Add option="-fexceptions" />
		</Compiler>
		<Unit filename="funciones.cpp" />
		<Unit filename="funciones.h" />
		<Unit filename="include/Cliente.h" />
		<Unit filename="include/ClienteArchivo.h" />
		<Unit filename="include/ClienteManager.h" />
		<Unit filename="include/ClienteMenu.h" />
		<Unit filename="include/ConfiguracionMenu.h" />
		<Unit filename="include/Empresa.h" />
		<Unit filename="include/EmpresaArchivo.h" />
		<Unit filename="include/EmpresaManager.h" />
		<Unit filename="include/EmpresaMenu.h" />
		<Unit filename="include/Encabezado.h" />
		<Unit filename="include/Fecha.h" />
		<Unit filename="include/Marca.h" />
		<Unit filename="include/MarcaArchivo.h" />
		<Unit filename="include/MarcaManager.h" />
		<Unit filename="include/MarcaMenu.h" />
		<Unit filename="include/Pantalla.h" />
		<Unit filename="include/Permiso.h" />
		<Unit filename="include/Persona.h" />
		<Unit filename="include/PieDePagina.h" />
		<Unit filename="include/Producto.h" />
		<Unit filename="include/ProductoArchivo.h" />
		<Unit filename="include/ProductoManager.h" />
		<Unit filename="include/ProductoMenu.h" />
		<Unit filename="include/Programa.h" />
		<Unit filename="include/RespaldoManager.h" />
		<Unit filename="include/RespaldoMenu.h" />
		<Unit filename="include/Usuario.h" />
		<Unit filename="include/UsuarioActivo.h" />
		<Unit filename="include/UsuarioArchivo.h" />
		<Unit filename="include/UsuarioManager.h" />
		<Unit filename="include/UsuarioMenu.h" />
		<Unit filename="include/Venta.h" />
		<Unit filename="include/VentaArchivo.h" />
		<Unit filename="include/VentaManager.h" />
		<Unit filename="include/VentaMenu.h" />
		<Unit filename="main.cpp" />
		<Unit filename="mensajes.cpp" />
		<Unit filename="mensajes.h" />
		<Unit filename="rlutil.h">
			<Option virtualFolder="include/" />
		</Unit>
		<Unit filename="src/Cliente.cpp" />
		<Unit filename="src/ClienteArchivo.cpp" />
		<Unit filename="src/ClienteManager.cpp" />
		<Unit filename="src/ClienteMenu.cpp" />
		<Unit filename="src/ConfiguracionMenu.cpp" />
		<Unit filename="src/Empresa.cpp" />
		<Unit filename="src/EmpresaArchivo.cpp" />
		<Unit filename="src/EmpresaManager.cpp" />
		<Unit filename="src/EmpresaMenu.cpp" />
		<Unit filename="src/Encabezado.cpp" />
		<Unit filename="src/Fecha.cpp" />
		<Unit filename="src/Marca.cpp" />
		<Unit filename="src/MarcaArchivo.cpp" />
		<Unit filename="src/MarcaManager.cpp" />
		<Unit filename="src/MarcaMenu.cpp" />
		<Unit filename="src/Pantalla.cpp" />
		<Unit filename="src/Permiso.cpp" />
		<Unit filename="src/Persona.cpp" />
		<Unit filename="src/PieDePagina.cpp" />
		<Unit filename="src/Producto.cpp" />
		<Unit filename="src/ProductoArchivo.cpp" />
		<Unit filename="src/ProductoManager.cpp" />
		<Unit filename="src/ProductoMenu.cpp" />
		<Unit filename="src/Programa.cpp" />
		<Unit filename="src/RespaldoManager.cpp" />
		<Unit filename="src/RespaldoMenu.cpp" />
		<Unit filename="src/Usuario.cpp" />
		<Unit filename="src/UsuarioActivo.cpp" />
		<Unit filename="src/UsuarioArchivo.cpp" />
		<Unit filename="src/UsuarioManager.cpp" />
		<Unit filename="src/UsuarioMenu.cpp" />
		<Unit filename="src/Venta.cpp" />
		<Unit filename="src/VentaArchivo.cpp" />
		<Unit filename="src/VentaManager.cpp" />
		<Unit filename="src/VentaMenu.cpp" />
		<Unit filename="validaciones.cpp" />
		<Unit filename="validaciones.h" />
		<Extensions>
			<lib_finder disable_auto="1" />
		</Extensions>
	</Project>
</CodeBlocks_project_file>
