<?xml version="1.0" encoding="UTF-8" standalone="yes" ?>
<CodeBlocks_project_file>
	<FileVersion major="1" minor="6" />
	<Project>
		<Option title="Proyecto-Labo-II" />
		<Option pch_mode="2" />
		<Option compiler="gcc" />
		<Option virtualFolders="include/" />
		<Build>
			<Target title="Debug">
				<Option output="bin/Debug/Proyecto-Labo-II" prefix_auto="1" extension_auto="1" />
				<Option object_output="obj/Debug/" />
				<Option type="1" />
				<Option compiler="gcc" />
				<Compiler>
					<Add option="-g" />
					<Add directory="include" />
				</Compiler>
			</Target>
			<Target title="Release">
				<Option output="bin/Release/Proyecto-Labo-II" prefix_auto="1" extension_auto="1" />
				<Option object_output="obj/Release/" />
				<Option type="1" />
				<Option compiler="gcc" />
				<Compiler>
					<Add option="-O2" />
					<Add directory="include" />
				</Compiler>
				<Linker>
					<Add option="-s" />
				</Linker>
			</Target>
		</Build>
		<Compiler>
			<Add option="-Wall" />
			<Add option="-fexceptions" />
		</Compiler>
		<Unit filename="funciones.cpp" />
		<Unit filename="funciones.h" />
		<Unit filename="include/Encabezado.h" />
		<Unit filename="include/Fecha.h" />
		<Unit filename="include/Pantalla.h" />
		<Unit filename="include/PerfilEmpresa.h" />
		<Unit filename="include/Permiso.h" />
		<Unit filename="include/Persona.h" />
		<Unit filename="include/PieDePagina.h" />
		<Unit filename="include/Usuario.h" />
		<Unit filename="include/UsuarioArchivo.h" />
		<Unit filename="include/UsuarioManager.h" />
		<Unit filename="include/UsuarioMenu.h" />
		<Unit filename="main.cpp" />
		<Unit filename="rlutil.h">
			<Option virtualFolder="include/" />
		</Unit>
		<Unit filename="src/Encabezado.cpp" />
		<Unit filename="src/Fecha.cpp" />
		<Unit filename="src/Pantalla.cpp" />
		<Unit filename="src/PerfilEmpresa.cpp" />
		<Unit filename="src/Permiso.cpp" />
		<Unit filename="src/Persona.cpp" />
		<Unit filename="src/PieDePagina.cpp" />
		<Unit filename="src/Usuario.cpp" />
		<Unit filename="src/UsuarioArchivo.cpp" />
		<Unit filename="src/UsuarioManager.cpp" />
		<Unit filename="src/UsuarioMenu.cpp" />
		<Extensions>
			<lib_finder disable_auto="1" />
		</Extensions>
	</Project>
</CodeBlocks_project_file>
